
Microsoft Visual Studio Solution File, Format Version 12.00
# Visual Studio Version 16
VisualStudioVersion = 16.0.28803.156
MinimumVisualStudioVersion = 10.0.40219.1
Project("{888888A0-9F3D-457C-B088-3A5042F75D52}") = "Modem Reboot (Mega Limit)", "Modem Reboot (Mega Limit)\Modem Reboot (Mega Limit).pyproj", "{5AA1E0AE-1D1A-488C-B982-D0A11A7EB764}"
EndProject
Global
	GlobalSection(SolutionConfigurationPlatforms) = preSolution
		Debug|Any CPU = Debug|Any CPU
		Release|Any CPU = Release|Any CPU
	EndGlobalSection
	GlobalSection(ProjectConfigurationPlatforms) = postSolution
		{5AA1E0AE-1D1A-488C-B982-D0A11A7EB764}.Debug|Any CPU.ActiveCfg = Debug|Any CPU
		{5AA1E0AE-1D1A-488C-B982-D0A11A7EB764}.Release|Any CPU.ActiveCfg = Release|Any CPU
	EndGlobalSection
	GlobalSection(SolutionProperties) = preSolution
		HideSolutionNode = FALSE
	EndGlobalSection
	GlobalSection(ExtensibilityGlobals) = postSolution
		SolutionGuid = {690B1BD5-86F6-4D36-8984-1A5476AA3C1A}
	EndGlobalSection
EndGlobal
